
Microsoft Visual Studio Solution File, Format Version 12.00
# Visual Studio Version 17
VisualStudioVersion = 17.5.33502.453
MinimumVisualStudioVersion = 10.0.40219.1
Project("{FAE04EC0-301F-11D3-BF4B-00C04F79EFBC}") = "OpenMeteoApi", "OpenMeteoApi\OpenMeteoApi.csproj", "{7978FCDE-8DCA-4C41-85AB-A40B56D3F752}"
EndProject
Project("{FAE04EC0-301F-11D3-BF4B-00C04F79EFBC}") = "OpenMeteoApi.Entities", "OpenMeteoApi.Entities\OpenMeteoApi.Entities.csproj", "{CE64597D-C803-4B76-9C15-F9D73EB2355D}"
EndProject
Global
	GlobalSection(SolutionConfigurationPlatforms) = preSolution
		Debug|Any CPU = Debug|Any CPU
		Release|Any CPU = Release|Any CPU
	EndGlobalSection
	GlobalSection(ProjectConfigurationPlatforms) = postSolution
		{7978FCDE-8DCA-4C41-85AB-A40B56D3F752}.Debug|Any CPU.ActiveCfg = Debug|Any CPU
		{7978FCDE-8DCA-4C41-85AB-A40B56D3F752}.Debug|Any CPU.Build.0 = Debug|Any CPU
		{7978FCDE-8DCA-4C41-85AB-A40B56D3F752}.Release|Any CPU.ActiveCfg = Release|Any CPU
		{7978FCDE-8DCA-4C41-85AB-A40B56D3F752}.Release|Any CPU.Build.0 = Release|Any CPU
		{CE64597D-C803-4B76-9C15-F9D73EB2355D}.Debug|Any CPU.ActiveCfg = Debug|Any CPU
		{CE64597D-C803-4B76-9C15-F9D73EB2355D}.Debug|Any CPU.Build.0 = Debug|Any CPU
		{CE64597D-C803-4B76-9C15-F9D73EB2355D}.Release|Any CPU.ActiveCfg = Release|Any CPU
		{CE64597D-C803-4B76-9C15-F9D73EB2355D}.Release|Any CPU.Build.0 = Release|Any CPU
	EndGlobalSection
	GlobalSection(SolutionProperties) = preSolution
		HideSolutionNode = FALSE
	EndGlobalSection
	GlobalSection(ExtensibilityGlobals) = postSolution
		SolutionGuid = {68987923-BF39-4694-BA3E-B01FB8AC2D24}
	EndGlobalSection
EndGlobal
